
Microsoft Visual Studio Solution File, Format Version 12.00
# Visual Studio Version 16
VisualStudioVersion = 16.0.31410.357
MinimumVisualStudioVersion = 10.0.40219.1
Project("{FAE04EC0-301F-11D3-BF4B-00C04F79EFBC}") = "String_Challenge", "String_Challenge\String_Challenge.csproj", "{4D88EFE9-5FBD-4556-B826-66C596CE65E5}"
EndProject
Global
	GlobalSection(SolutionConfigurationPlatforms) = preSolution
		Debug|Any CPU = Debug|Any CPU
		Release|Any CPU = Release|Any CPU
	EndGlobalSection
	GlobalSection(ProjectConfigurationPlatforms) = postSolution
		{4D88EFE9-5FBD-4556-B826-66C596CE65E5}.Debug|Any CPU.ActiveCfg = Debug|Any CPU
		{4D88EFE9-5FBD-4556-B826-66C596CE65E5}.Debug|Any CPU.Build.0 = Debug|Any CPU
		{4D88EFE9-5FBD-4556-B826-66C596CE65E5}.Release|Any CPU.ActiveCfg = Release|Any CPU
		{4D88EFE9-5FBD-4556-B826-66C596CE65E5}.Release|Any CPU.Build.0 = Release|Any CPU
	EndGlobalSection
	GlobalSection(SolutionProperties) = preSolution
		HideSolutionNode = FALSE
	EndGlobalSection
	GlobalSection(ExtensibilityGlobals) = postSolution
		SolutionGuid = {CC294A5D-0CEF-4B1B-8F56-B2517172ACD5}
	EndGlobalSection
EndGlobal
